{
  "name": "Baseball",
  "lockfileVersion": 3,
  "requires": true,
  "packages": {
    "": {
      "devDependencies": {
        "@web-types/lit": "^2.0.0-3"
      }
    },
    "node_modules/@web-types/lit": {
      "version": "2.0.0-3",
      "resolved": "https://registry.npmjs.org/@web-types/lit/-/lit-2.0.0-3.tgz",
      "integrity": "sha512-vZG6zfQ8+gM5Qsv0D5k9X8f/cBqk3y8qhgy0y5g+or+hi3PH6UNNMBMd6QRrlBZUoXCXR/cpVvfPTDj9w5FlwQ==",
      "dev": true,
      "license": "Apache-2.0"
    }
  }
}
